
Microsoft Visual Studio Solution File, Format Version 12.00
# Visual Studio Version 17
VisualStudioVersion = 17.12.35527.113
MinimumVisualStudioVersion = 10.0.40219.1
Project("{FAE04EC0-301F-11D3-BF4B-00C04F79EFBC}") = "BannerAPI", "BannerAPI\BannerAPI.csproj", "{4F35224A-369E-4557-8841-2B6408785510}"
EndProject
Project("{FAE04EC0-301F-11D3-BF4B-00C04F79EFBC}") = "WalletAPI", "WalletAPI\WalletAPI.csproj", "{20DB6F1C-4FF7-4A0B-B32A-EA19EFC17091}"
EndProject
Project("{FAE04EC0-301F-11D3-BF4B-00C04F79EFBC}") = "SocialAPI", "SocialAPI\SocialAPI.csproj", "{65B52917-02BE-4ADD-B0C1-7AA4D3D1B137}"
EndProject
Project("{FAE04EC0-301F-11D3-BF4B-00C04F79EFBC}") = "SharedKernel", "SharedKernel\SharedKernel.csproj", "{1D578305-AB8E-4C3F-94B2-889AD5F95517}"
EndProject
Project("{FAE04EC0-301F-11D3-BF4B-00C04F79EFBC}") = "ApiGateway", "ApiGateway\ApiGateway.csproj", "{DBD99AD9-6691-4616-84B0-E8FFA9F4F921}"
EndProject
Project("{2150E333-8FDC-42A3-9474-1A3956D46DE8}") = "ComicAPI", "ComicAPI", "{0BF34740-32A4-1C8E-3DD9-FDD31F26385B}"
EndProject
Project("{FAE04EC0-301F-11D3-BF4B-00C04F79EFBC}") = "ComicAPI.API", "ComicAPI\ComicAPI.API\ComicAPI.API.csproj", "{EFB66B6E-79B3-407C-8EE4-24C032DF5898}"
EndProject
Project("{FAE04EC0-301F-11D3-BF4B-00C04F79EFBC}") = "ComicAPI.Domain", "ComicAPI\ComicAPI.Domain\ComicAPI.Domain.csproj", "{A6BE4BF9-E7C2-4E63-8365-7C8474BAF401}"
EndProject
Project("{FAE04EC0-301F-11D3-BF4B-00C04F79EFBC}") = "ComicAPI.Application", "ComicAPI\ComicAPI.Application\ComicAPI.Application.csproj", "{8E2042D5-C86F-46D3-85EB-ABFC276E269B}"
EndProject
Project("{FAE04EC0-301F-11D3-BF4B-00C04F79EFBC}") = "ComicAPI.Infrastructure", "ComicAPI\ComicAPI.Infrastructure\ComicAPI.Infrastructure.csproj", "{10D86CE0-0138-4AFD-90C7-D4BD2470E511}"
EndProject
Project("{2150E333-8FDC-42A3-9474-1A3956D46DE8}") = "UserAPI", "UserAPI", "{93C2DB5F-E355-B570-AA3E-A91EFCDA8A42}"
EndProject
Project("{FAE04EC0-301F-11D3-BF4B-00C04F79EFBC}") = "UserAPI.API", "UserAPI\UserAPI.API\UserAPI.API.csproj", "{2E85C579-DA79-4EC1-8A31-AA523161B295}"
EndProject
Project("{FAE04EC0-301F-11D3-BF4B-00C04F79EFBC}") = "UserAPI.Application", "UserAPI\UserAPI.Application\UserAPI.Application.csproj", "{CE8007F9-1002-4E16-BF17-5AF2CEAF2B7D}"
EndProject
Project("{FAE04EC0-301F-11D3-BF4B-00C04F79EFBC}") = "UserAPI.Domain", "UserAPI\UserAPI.Domain\UserAPI.Domain.csproj", "{3555ED0F-AA00-431E-81DB-1FC876DB7006}"
EndProject
Project("{FAE04EC0-301F-11D3-BF4B-00C04F79EFBC}") = "UserAPI.Infrastructure", "UserAPI\UserAPI.Infrastructure\UserAPI.Infrastructure.csproj", "{C77416F9-1862-48F2-A79D-2066F57E75CB}"
EndProject
Project("{2150E333-8FDC-42A3-9474-1A3956D46DE8}") = "ChapterAPI", "ChapterAPI", "{792163B1-7282-0F3A-CAA9-748188EB6940}"
EndProject
Project("{FAE04EC0-301F-11D3-BF4B-00C04F79EFBC}") = "ChapterAPI.API", "ChapterAPI\ChapterAPI.API\ChapterAPI.API.csproj", "{68366253-34A6-48F9-AC89-D9FC63ACE998}"
EndProject
Project("{FAE04EC0-301F-11D3-BF4B-00C04F79EFBC}") = "ChapterAPI.Application", "ChapterAPI\ChapterAPI.Application\ChapterAPI.Application.csproj", "{B93388D2-6EDF-47AA-8DEF-C96C24D8D49E}"
EndProject
Project("{FAE04EC0-301F-11D3-BF4B-00C04F79EFBC}") = "ChapterAPI.Domain", "ChapterAPI\ChapterAPI.Domain\ChapterAPI.Domain.csproj", "{8521DF83-38AC-4B58-89A1-57F3F687366C}"
EndProject
Project("{FAE04EC0-301F-11D3-BF4B-00C04F79EFBC}") = "ChapterAPI.Infrastructure", "ChapterAPI\ChapterAPI.Infrastructure\ChapterAPI.Infrastructure.csproj", "{F057025B-9787-41C3-8E64-6900F3B71DB8}"
EndProject
Project("{2150E333-8FDC-42A3-9474-1A3956D46DE8}") = "MissionAPI", "MissionAPI", "{8FECB01E-5FEF-BCB2-1A92-B85F367FEDF3}"
EndProject
Project("{FAE04EC0-301F-11D3-BF4B-00C04F79EFBC}") = "MissionAPI.API", "MissionAPI\MissionAPI.API\MissionAPI.API.csproj", "{4C0CEEFD-DE24-4B2F-8929-40D7F42618AF}"
EndProject
Project("{FAE04EC0-301F-11D3-BF4B-00C04F79EFBC}") = "MissionAPI.Application", "MissionAPI\MissionAPI.Application\MissionAPI.Application.csproj", "{EE683C03-3155-43CE-8DFA-3563A70CAF75}"
EndProject
Project("{FAE04EC0-301F-11D3-BF4B-00C04F79EFBC}") = "MissionAPI.Domain", "MissionAPI\MissionAPI.Domain\MissionAPI.Domain.csproj", "{2BE5578E-7316-4BDC-AE8A-437AFD56E471}"
EndProject
Project("{FAE04EC0-301F-11D3-BF4B-00C04F79EFBC}") = "MissionAPI.Infrastructure", "MissionAPI\MissionAPI.Infrastructure\MissionAPI.Infrastructure.csproj", "{2A98F881-870B-4187-9848-6D6A7C30DBBC}"
EndProject
Project("{2150E333-8FDC-42A3-9474-1A3956D46DE8}") = "PaymentAPI", "PaymentAPI", "{BD0915EC-35DE-62BC-4499-7DB06DDACDAF}"
EndProject
Project("{FAE04EC0-301F-11D3-BF4B-00C04F79EFBC}") = "PaymentAPI.API", "PaymentAPI\PaymentAPI.API\PaymentAPI.API.csproj", "{3E9CED25-2841-4E51-917C-7D94565333BE}"
EndProject
Project("{FAE04EC0-301F-11D3-BF4B-00C04F79EFBC}") = "PaymentAPI.Application", "PaymentAPI\PaymentAPI.Application\PaymentAPI.Application.csproj", "{D369152A-3E2E-4C56-A3F6-0E7F0458CFC2}"
EndProject
Project("{FAE04EC0-301F-11D3-BF4B-00C04F79EFBC}") = "PaymentAPI.Domain", "PaymentAPI\PaymentAPI.Domain\PaymentAPI.Domain.csproj", "{2476FAFD-274F-4EC9-AAD6-96AC0498E1F7}"
EndProject
Project("{FAE04EC0-301F-11D3-BF4B-00C04F79EFBC}") = "PaymentAPI.Infrastructure", "PaymentAPI\PaymentAPI.Infrastructure\PaymentAPI.Infrastructure.csproj", "{41969494-C71D-49AB-8C7B-665A83815B31}"
EndProject
Global
	GlobalSection(SolutionConfigurationPlatforms) = preSolution
		Debug|Any CPU = Debug|Any CPU
		Debug|x64 = Debug|x64
		Debug|x86 = Debug|x86
		Release|Any CPU = Release|Any CPU
		Release|x64 = Release|x64
		Release|x86 = Release|x86
	EndGlobalSection
	GlobalSection(ProjectConfigurationPlatforms) = postSolution
		{4F35224A-369E-4557-8841-2B6408785510}.Debug|Any CPU.ActiveCfg = Debug|Any CPU
		{4F35224A-369E-4557-8841-2B6408785510}.Debug|Any CPU.Build.0 = Debug|Any CPU
		{4F35224A-369E-4557-8841-2B6408785510}.Debug|x64.ActiveCfg = Debug|Any CPU
		{4F35224A-369E-4557-8841-2B6408785510}.Debug|x64.Build.0 = Debug|Any CPU
		{4F35224A-369E-4557-8841-2B6408785510}.Debug|x86.ActiveCfg = Debug|Any CPU
		{4F35224A-369E-4557-8841-2B6408785510}.Debug|x86.Build.0 = Debug|Any CPU
		{4F35224A-369E-4557-8841-2B6408785510}.Release|Any CPU.ActiveCfg = Release|Any CPU
		{4F35224A-369E-4557-8841-2B6408785510}.Release|Any CPU.Build.0 = Release|Any CPU
		{4F35224A-369E-4557-8841-2B6408785510}.Release|x64.ActiveCfg = Release|Any CPU
		{4F35224A-369E-4557-8841-2B6408785510}.Release|x64.Build.0 = Release|Any CPU
		{4F35224A-369E-4557-8841-2B6408785510}.Release|x86.ActiveCfg = Release|Any CPU
		{4F35224A-369E-4557-8841-2B6408785510}.Release|x86.Build.0 = Release|Any CPU
		{20DB6F1C-4FF7-4A0B-B32A-EA19EFC17091}.Debug|Any CPU.ActiveCfg = Debug|Any CPU
		{20DB6F1C-4FF7-4A0B-B32A-EA19EFC17091}.Debug|Any CPU.Build.0 = Debug|Any CPU
		{20DB6F1C-4FF7-4A0B-B32A-EA19EFC17091}.Debug|x64.ActiveCfg = Debug|Any CPU
		{20DB6F1C-4FF7-4A0B-B32A-EA19EFC17091}.Debug|x64.Build.0 = Debug|Any CPU
		{20DB6F1C-4FF7-4A0B-B32A-EA19EFC17091}.Debug|x86.ActiveCfg = Debug|Any CPU
		{20DB6F1C-4FF7-4A0B-B32A-EA19EFC17091}.Debug|x86.Build.0 = Debug|Any CPU
		{20DB6F1C-4FF7-4A0B-B32A-EA19EFC17091}.Release|Any CPU.ActiveCfg = Release|Any CPU
		{20DB6F1C-4FF7-4A0B-B32A-EA19EFC17091}.Release|Any CPU.Build.0 = Release|Any CPU
		{20DB6F1C-4FF7-4A0B-B32A-EA19EFC17091}.Release|x64.ActiveCfg = Release|Any CPU
		{20DB6F1C-4FF7-4A0B-B32A-EA19EFC17091}.Release|x64.Build.0 = Release|Any CPU
		{20DB6F1C-4FF7-4A0B-B32A-EA19EFC17091}.Release|x86.ActiveCfg = Release|Any CPU
		{20DB6F1C-4FF7-4A0B-B32A-EA19EFC17091}.Release|x86.Build.0 = Release|Any CPU
		{65B52917-02BE-4ADD-B0C1-7AA4D3D1B137}.Debug|Any CPU.ActiveCfg = Debug|Any CPU
		{65B52917-02BE-4ADD-B0C1-7AA4D3D1B137}.Debug|Any CPU.Build.0 = Debug|Any CPU
		{65B52917-02BE-4ADD-B0C1-7AA4D3D1B137}.Debug|x64.ActiveCfg = Debug|Any CPU
		{65B52917-02BE-4ADD-B0C1-7AA4D3D1B137}.Debug|x64.Build.0 = Debug|Any CPU
		{65B52917-02BE-4ADD-B0C1-7AA4D3D1B137}.Debug|x86.ActiveCfg = Debug|Any CPU
		{65B52917-02BE-4ADD-B0C1-7AA4D3D1B137}.Debug|x86.Build.0 = Debug|Any CPU
		{65B52917-02BE-4ADD-B0C1-7AA4D3D1B137}.Release|Any CPU.ActiveCfg = Release|Any CPU
		{65B52917-02BE-4ADD-B0C1-7AA4D3D1B137}.Release|Any CPU.Build.0 = Release|Any CPU
		{65B52917-02BE-4ADD-B0C1-7AA4D3D1B137}.Release|x64.ActiveCfg = Release|Any CPU
		{65B52917-02BE-4ADD-B0C1-7AA4D3D1B137}.Release|x64.Build.0 = Release|Any CPU
		{65B52917-02BE-4ADD-B0C1-7AA4D3D1B137}.Release|x86.ActiveCfg = Release|Any CPU
		{65B52917-02BE-4ADD-B0C1-7AA4D3D1B137}.Release|x86.Build.0 = Release|Any CPU
		{1D578305-AB8E-4C3F-94B2-889AD5F95517}.Debug|Any CPU.ActiveCfg = Debug|Any CPU
		{1D578305-AB8E-4C3F-94B2-889AD5F95517}.Debug|Any CPU.Build.0 = Debug|Any CPU
		{1D578305-AB8E-4C3F-94B2-889AD5F95517}.Debug|x64.ActiveCfg = Debug|Any CPU
		{1D578305-AB8E-4C3F-94B2-889AD5F95517}.Debug|x64.Build.0 = Debug|Any CPU
		{1D578305-AB8E-4C3F-94B2-889AD5F95517}.Debug|x86.ActiveCfg = Debug|Any CPU
		{1D578305-AB8E-4C3F-94B2-889AD5F95517}.Debug|x86.Build.0 = Debug|Any CPU
		{1D578305-AB8E-4C3F-94B2-889AD5F95517}.Release|Any CPU.ActiveCfg = Release|Any CPU
		{1D578305-AB8E-4C3F-94B2-889AD5F95517}.Release|Any CPU.Build.0 = Release|Any CPU
		{1D578305-AB8E-4C3F-94B2-889AD5F95517}.Release|x64.ActiveCfg = Release|Any CPU
		{1D578305-AB8E-4C3F-94B2-889AD5F95517}.Release|x64.Build.0 = Release|Any CPU
		{1D578305-AB8E-4C3F-94B2-889AD5F95517}.Release|x86.ActiveCfg = Release|Any CPU
		{1D578305-AB8E-4C3F-94B2-889AD5F95517}.Release|x86.Build.0 = Release|Any CPU
		{DBD99AD9-6691-4616-84B0-E8FFA9F4F921}.Debug|Any CPU.ActiveCfg = Debug|Any CPU
		{DBD99AD9-6691-4616-84B0-E8FFA9F4F921}.Debug|Any CPU.Build.0 = Debug|Any CPU
		{DBD99AD9-6691-4616-84B0-E8FFA9F4F921}.Debug|x64.ActiveCfg = Debug|Any CPU
		{DBD99AD9-6691-4616-84B0-E8FFA9F4F921}.Debug|x64.Build.0 = Debug|Any CPU
		{DBD99AD9-6691-4616-84B0-E8FFA9F4F921}.Debug|x86.ActiveCfg = Debug|Any CPU
		{DBD99AD9-6691-4616-84B0-E8FFA9F4F921}.Debug|x86.Build.0 = Debug|Any CPU
		{DBD99AD9-6691-4616-84B0-E8FFA9F4F921}.Release|Any CPU.ActiveCfg = Release|Any CPU
		{DBD99AD9-6691-4616-84B0-E8FFA9F4F921}.Release|Any CPU.Build.0 = Release|Any CPU
		{DBD99AD9-6691-4616-84B0-E8FFA9F4F921}.Release|x64.ActiveCfg = Release|Any CPU
		{DBD99AD9-6691-4616-84B0-E8FFA9F4F921}.Release|x64.Build.0 = Release|Any CPU
		{DBD99AD9-6691-4616-84B0-E8FFA9F4F921}.Release|x86.ActiveCfg = Release|Any CPU
		{DBD99AD9-6691-4616-84B0-E8FFA9F4F921}.Release|x86.Build.0 = Release|Any CPU
		{EFB66B6E-79B3-407C-8EE4-24C032DF5898}.Debug|Any CPU.ActiveCfg = Debug|Any CPU
		{EFB66B6E-79B3-407C-8EE4-24C032DF5898}.Debug|Any CPU.Build.0 = Debug|Any CPU
		{EFB66B6E-79B3-407C-8EE4-24C032DF5898}.Debug|x64.ActiveCfg = Debug|Any CPU
		{EFB66B6E-79B3-407C-8EE4-24C032DF5898}.Debug|x64.Build.0 = Debug|Any CPU
		{EFB66B6E-79B3-407C-8EE4-24C032DF5898}.Debug|x86.ActiveCfg = Debug|Any CPU
		{EFB66B6E-79B3-407C-8EE4-24C032DF5898}.Debug|x86.Build.0 = Debug|Any CPU
		{EFB66B6E-79B3-407C-8EE4-24C032DF5898}.Release|Any CPU.ActiveCfg = Release|Any CPU
		{EFB66B6E-79B3-407C-8EE4-24C032DF5898}.Release|Any CPU.Build.0 = Release|Any CPU
		{EFB66B6E-79B3-407C-8EE4-24C032DF5898}.Release|x64.ActiveCfg = Release|Any CPU
		{EFB66B6E-79B3-407C-8EE4-24C032DF5898}.Release|x64.Build.0 = Release|Any CPU
		{EFB66B6E-79B3-407C-8EE4-24C032DF5898}.Release|x86.ActiveCfg = Release|Any CPU
		{EFB66B6E-79B3-407C-8EE4-24C032DF5898}.Release|x86.Build.0 = Release|Any CPU
		{A6BE4BF9-E7C2-4E63-8365-7C8474BAF401}.Debug|Any CPU.ActiveCfg = Debug|Any CPU
		{A6BE4BF9-E7C2-4E63-8365-7C8474BAF401}.Debug|Any CPU.Build.0 = Debug|Any CPU
		{A6BE4BF9-E7C2-4E63-8365-7C8474BAF401}.Debug|x64.ActiveCfg = Debug|Any CPU
		{A6BE4BF9-E7C2-4E63-8365-7C8474BAF401}.Debug|x64.Build.0 = Debug|Any CPU
		{A6BE4BF9-E7C2-4E63-8365-7C8474BAF401}.Debug|x86.ActiveCfg = Debug|Any CPU
		{A6BE4BF9-E7C2-4E63-8365-7C8474BAF401}.Debug|x86.Build.0 = Debug|Any CPU
		{A6BE4BF9-E7C2-4E63-8365-7C8474BAF401}.Release|Any CPU.ActiveCfg = Release|Any CPU
		{A6BE4BF9-E7C2-4E63-8365-7C8474BAF401}.Release|Any CPU.Build.0 = Release|Any CPU
		{A6BE4BF9-E7C2-4E63-8365-7C8474BAF401}.Release|x64.ActiveCfg = Release|Any CPU
		{A6BE4BF9-E7C2-4E63-8365-7C8474BAF401}.Release|x64.Build.0 = Release|Any CPU
		{A6BE4BF9-E7C2-4E63-8365-7C8474BAF401}.Release|x86.ActiveCfg = Release|Any CPU
		{A6BE4BF9-E7C2-4E63-8365-7C8474BAF401}.Release|x86.Build.0 = Release|Any CPU
		{8E2042D5-C86F-46D3-85EB-ABFC276E269B}.Debug|Any CPU.ActiveCfg = Debug|Any CPU
		{8E2042D5-C86F-46D3-85EB-ABFC276E269B}.Debug|Any CPU.Build.0 = Debug|Any CPU
		{8E2042D5-C86F-46D3-85EB-ABFC276E269B}.Debug|x64.ActiveCfg = Debug|Any CPU
		{8E2042D5-C86F-46D3-85EB-ABFC276E269B}.Debug|x64.Build.0 = Debug|Any CPU
		{8E2042D5-C86F-46D3-85EB-ABFC276E269B}.Debug|x86.ActiveCfg = Debug|Any CPU
		{8E2042D5-C86F-46D3-85EB-ABFC276E269B}.Debug|x86.Build.0 = Debug|Any CPU
		{8E2042D5-C86F-46D3-85EB-ABFC276E269B}.Release|Any CPU.ActiveCfg = Release|Any CPU
		{8E2042D5-C86F-46D3-85EB-ABFC276E269B}.Release|Any CPU.Build.0 = Release|Any CPU
		{8E2042D5-C86F-46D3-85EB-ABFC276E269B}.Release|x64.ActiveCfg = Release|Any CPU
		{8E2042D5-C86F-46D3-85EB-ABFC276E269B}.Release|x64.Build.0 = Release|Any CPU
		{8E2042D5-C86F-46D3-85EB-ABFC276E269B}.Release|x86.ActiveCfg = Release|Any CPU
		{8E2042D5-C86F-46D3-85EB-ABFC276E269B}.Release|x86.Build.0 = Release|Any CPU
		{10D86CE0-0138-4AFD-90C7-D4BD2470E511}.Debug|Any CPU.ActiveCfg = Debug|Any CPU
		{10D86CE0-0138-4AFD-90C7-D4BD2470E511}.Debug|Any CPU.Build.0 = Debug|Any CPU
		{10D86CE0-0138-4AFD-90C7-D4BD2470E511}.Debug|x64.ActiveCfg = Debug|Any CPU
		{10D86CE0-0138-4AFD-90C7-D4BD2470E511}.Debug|x64.Build.0 = Debug|Any CPU
		{10D86CE0-0138-4AFD-90C7-D4BD2470E511}.Debug|x86.ActiveCfg = Debug|Any CPU
		{10D86CE0-0138-4AFD-90C7-D4BD2470E511}.Debug|x86.Build.0 = Debug|Any CPU
		{10D86CE0-0138-4AFD-90C7-D4BD2470E511}.Release|Any CPU.ActiveCfg = Release|Any CPU
		{10D86CE0-0138-4AFD-90C7-D4BD2470E511}.Release|Any CPU.Build.0 = Release|Any CPU
		{10D86CE0-0138-4AFD-90C7-D4BD2470E511}.Release|x64.ActiveCfg = Release|Any CPU
		{10D86CE0-0138-4AFD-90C7-D4BD2470E511}.Release|x64.Build.0 = Release|Any CPU
		{10D86CE0-0138-4AFD-90C7-D4BD2470E511}.Release|x86.ActiveCfg = Release|Any CPU
		{10D86CE0-0138-4AFD-90C7-D4BD2470E511}.Release|x86.Build.0 = Release|Any CPU
		{2E85C579-DA79-4EC1-8A31-AA523161B295}.Debug|Any CPU.ActiveCfg = Debug|Any CPU
		{2E85C579-DA79-4EC1-8A31-AA523161B295}.Debug|Any CPU.Build.0 = Debug|Any CPU
		{2E85C579-DA79-4EC1-8A31-AA523161B295}.Debug|x64.ActiveCfg = Debug|Any CPU
		{2E85C579-DA79-4EC1-8A31-AA523161B295}.Debug|x64.Build.0 = Debug|Any CPU
		{2E85C579-DA79-4EC1-8A31-AA523161B295}.Debug|x86.ActiveCfg = Debug|Any CPU
		{2E85C579-DA79-4EC1-8A31-AA523161B295}.Debug|x86.Build.0 = Debug|Any CPU
		{2E85C579-DA79-4EC1-8A31-AA523161B295}.Release|Any CPU.ActiveCfg = Release|Any CPU
		{2E85C579-DA79-4EC1-8A31-AA523161B295}.Release|Any CPU.Build.0 = Release|Any CPU
		{2E85C579-DA79-4EC1-8A31-AA523161B295}.Release|x64.ActiveCfg = Release|Any CPU
		{2E85C579-DA79-4EC1-8A31-AA523161B295}.Release|x64.Build.0 = Release|Any CPU
		{2E85C579-DA79-4EC1-8A31-AA523161B295}.Release|x86.ActiveCfg = Release|Any CPU
		{2E85C579-DA79-4EC1-8A31-AA523161B295}.Release|x86.Build.0 = Release|Any CPU
		{CE8007F9-1002-4E16-BF17-5AF2CEAF2B7D}.Debug|Any CPU.ActiveCfg = Debug|Any CPU
		{CE8007F9-1002-4E16-BF17-5AF2CEAF2B7D}.Debug|Any CPU.Build.0 = Debug|Any CPU
		{CE8007F9-1002-4E16-BF17-5AF2CEAF2B7D}.Debug|x64.ActiveCfg = Debug|Any CPU
		{CE8007F9-1002-4E16-BF17-5AF2CEAF2B7D}.Debug|x64.Build.0 = Debug|Any CPU
		{CE8007F9-1002-4E16-BF17-5AF2CEAF2B7D}.Debug|x86.ActiveCfg = Debug|Any CPU
		{CE8007F9-1002-4E16-BF17-5AF2CEAF2B7D}.Debug|x86.Build.0 = Debug|Any CPU
		{CE8007F9-1002-4E16-BF17-5AF2CEAF2B7D}.Release|Any CPU.ActiveCfg = Release|Any CPU
		{CE8007F9-1002-4E16-BF17-5AF2CEAF2B7D}.Release|Any CPU.Build.0 = Release|Any CPU
		{CE8007F9-1002-4E16-BF17-5AF2CEAF2B7D}.Release|x64.ActiveCfg = Release|Any CPU
		{CE8007F9-1002-4E16-BF17-5AF2CEAF2B7D}.Release|x64.Build.0 = Release|Any CPU
		{CE8007F9-1002-4E16-BF17-5AF2CEAF2B7D}.Release|x86.ActiveCfg = Release|Any CPU
		{CE8007F9-1002-4E16-BF17-5AF2CEAF2B7D}.Release|x86.Build.0 = Release|Any CPU
		{3555ED0F-AA00-431E-81DB-1FC876DB7006}.Debug|Any CPU.ActiveCfg = Debug|Any CPU
		{3555ED0F-AA00-431E-81DB-1FC876DB7006}.Debug|Any CPU.Build.0 = Debug|Any CPU
		{3555ED0F-AA00-431E-81DB-1FC876DB7006}.Debug|x64.ActiveCfg = Debug|Any CPU
		{3555ED0F-AA00-431E-81DB-1FC876DB7006}.Debug|x64.Build.0 = Debug|Any CPU
		{3555ED0F-AA00-431E-81DB-1FC876DB7006}.Debug|x86.ActiveCfg = Debug|Any CPU
		{3555ED0F-AA00-431E-81DB-1FC876DB7006}.Debug|x86.Build.0 = Debug|Any CPU
		{3555ED0F-AA00-431E-81DB-1FC876DB7006}.Release|Any CPU.ActiveCfg = Release|Any CPU
		{3555ED0F-AA00-431E-81DB-1FC876DB7006}.Release|Any CPU.Build.0 = Release|Any CPU
		{3555ED0F-AA00-431E-81DB-1FC876DB7006}.Release|x64.ActiveCfg = Release|Any CPU
		{3555ED0F-AA00-431E-81DB-1FC876DB7006}.Release|x64.Build.0 = Release|Any CPU
		{3555ED0F-AA00-431E-81DB-1FC876DB7006}.Release|x86.ActiveCfg = Release|Any CPU
		{3555ED0F-AA00-431E-81DB-1FC876DB7006}.Release|x86.Build.0 = Release|Any CPU
		{C77416F9-1862-48F2-A79D-2066F57E75CB}.Debug|Any CPU.ActiveCfg = Debug|Any CPU
		{C77416F9-1862-48F2-A79D-2066F57E75CB}.Debug|Any CPU.Build.0 = Debug|Any CPU
		{C77416F9-1862-48F2-A79D-2066F57E75CB}.Debug|x64.ActiveCfg = Debug|Any CPU
		{C77416F9-1862-48F2-A79D-2066F57E75CB}.Debug|x64.Build.0 = Debug|Any CPU
		{C77416F9-1862-48F2-A79D-2066F57E75CB}.Debug|x86.ActiveCfg = Debug|Any CPU
		{C77416F9-1862-48F2-A79D-2066F57E75CB}.Debug|x86.Build.0 = Debug|Any CPU
		{C77416F9-1862-48F2-A79D-2066F57E75CB}.Release|Any CPU.ActiveCfg = Release|Any CPU
		{C77416F9-1862-48F2-A79D-2066F57E75CB}.Release|Any CPU.Build.0 = Release|Any CPU
		{C77416F9-1862-48F2-A79D-2066F57E75CB}.Release|x64.ActiveCfg = Release|Any CPU
		{C77416F9-1862-48F2-A79D-2066F57E75CB}.Release|x64.Build.0 = Release|Any CPU
		{C77416F9-1862-48F2-A79D-2066F57E75CB}.Release|x86.ActiveCfg = Release|Any CPU
		{C77416F9-1862-48F2-A79D-2066F57E75CB}.Release|x86.Build.0 = Release|Any CPU
		{68366253-34A6-48F9-AC89-D9FC63ACE998}.Debug|Any CPU.ActiveCfg = Debug|Any CPU
		{68366253-34A6-48F9-AC89-D9FC63ACE998}.Debug|Any CPU.Build.0 = Debug|Any CPU
		{68366253-34A6-48F9-AC89-D9FC63ACE998}.Debug|x64.ActiveCfg = Debug|Any CPU
		{68366253-34A6-48F9-AC89-D9FC63ACE998}.Debug|x64.Build.0 = Debug|Any CPU
		{68366253-34A6-48F9-AC89-D9FC63ACE998}.Debug|x86.ActiveCfg = Debug|Any CPU
		{68366253-34A6-48F9-AC89-D9FC63ACE998}.Debug|x86.Build.0 = Debug|Any CPU
		{68366253-34A6-48F9-AC89-D9FC63ACE998}.Release|Any CPU.ActiveCfg = Release|Any CPU
		{68366253-34A6-48F9-AC89-D9FC63ACE998}.Release|Any CPU.Build.0 = Release|Any CPU
		{68366253-34A6-48F9-AC89-D9FC63ACE998}.Release|x64.ActiveCfg = Release|Any CPU
		{68366253-34A6-48F9-AC89-D9FC63ACE998}.Release|x64.Build.0 = Release|Any CPU
		{68366253-34A6-48F9-AC89-D9FC63ACE998}.Release|x86.ActiveCfg = Release|Any CPU
		{68366253-34A6-48F9-AC89-D9FC63ACE998}.Release|x86.Build.0 = Release|Any CPU
		{B93388D2-6EDF-47AA-8DEF-C96C24D8D49E}.Debug|Any CPU.ActiveCfg = Debug|Any CPU
		{B93388D2-6EDF-47AA-8DEF-C96C24D8D49E}.Debug|Any CPU.Build.0 = Debug|Any CPU
		{B93388D2-6EDF-47AA-8DEF-C96C24D8D49E}.Debug|x64.ActiveCfg = Debug|Any CPU
		{B93388D2-6EDF-47AA-8DEF-C96C24D8D49E}.Debug|x64.Build.0 = Debug|Any CPU
		{B93388D2-6EDF-47AA-8DEF-C96C24D8D49E}.Debug|x86.ActiveCfg = Debug|Any CPU
		{B93388D2-6EDF-47AA-8DEF-C96C24D8D49E}.Debug|x86.Build.0 = Debug|Any CPU
		{B93388D2-6EDF-47AA-8DEF-C96C24D8D49E}.Release|Any CPU.ActiveCfg = Release|Any CPU
		{B93388D2-6EDF-47AA-8DEF-C96C24D8D49E}.Release|Any CPU.Build.0 = Release|Any CPU
		{B93388D2-6EDF-47AA-8DEF-C96C24D8D49E}.Release|x64.ActiveCfg = Release|Any CPU
		{B93388D2-6EDF-47AA-8DEF-C96C24D8D49E}.Release|x64.Build.0 = Release|Any CPU
		{B93388D2-6EDF-47AA-8DEF-C96C24D8D49E}.Release|x86.ActiveCfg = Release|Any CPU
		{B93388D2-6EDF-47AA-8DEF-C96C24D8D49E}.Release|x86.Build.0 = Release|Any CPU
		{8521DF83-38AC-4B58-89A1-57F3F687366C}.Debug|Any CPU.ActiveCfg = Debug|Any CPU
		{8521DF83-38AC-4B58-89A1-57F3F687366C}.Debug|Any CPU.Build.0 = Debug|Any CPU
		{8521DF83-38AC-4B58-89A1-57F3F687366C}.Debug|x64.ActiveCfg = Debug|Any CPU
		{8521DF83-38AC-4B58-89A1-57F3F687366C}.Debug|x64.Build.0 = Debug|Any CPU
		{8521DF83-38AC-4B58-89A1-57F3F687366C}.Debug|x86.ActiveCfg = Debug|Any CPU
		{8521DF83-38AC-4B58-89A1-57F3F687366C}.Debug|x86.Build.0 = Debug|Any CPU
		{8521DF83-38AC-4B58-89A1-57F3F687366C}.Release|Any CPU.ActiveCfg = Release|Any CPU
		{8521DF83-38AC-4B58-89A1-57F3F687366C}.Release|Any CPU.Build.0 = Release|Any CPU
		{8521DF83-38AC-4B58-89A1-57F3F687366C}.Release|x64.ActiveCfg = Release|Any CPU
		{8521DF83-38AC-4B58-89A1-57F3F687366C}.Release|x64.Build.0 = Release|Any CPU
		{8521DF83-38AC-4B58-89A1-57F3F687366C}.Release|x86.ActiveCfg = Release|Any CPU
		{8521DF83-38AC-4B58-89A1-57F3F687366C}.Release|x86.Build.0 = Release|Any CPU
		{F057025B-9787-41C3-8E64-6900F3B71DB8}.Debug|Any CPU.ActiveCfg = Debug|Any CPU
		{F057025B-9787-41C3-8E64-6900F3B71DB8}.Debug|Any CPU.Build.0 = Debug|Any CPU
		{F057025B-9787-41C3-8E64-6900F3B71DB8}.Debug|x64.ActiveCfg = Debug|Any CPU
		{F057025B-9787-41C3-8E64-6900F3B71DB8}.Debug|x64.Build.0 = Debug|Any CPU
		{F057025B-9787-41C3-8E64-6900F3B71DB8}.Debug|x86.ActiveCfg = Debug|Any CPU
		{F057025B-9787-41C3-8E64-6900F3B71DB8}.Debug|x86.Build.0 = Debug|Any CPU
		{F057025B-9787-41C3-8E64-6900F3B71DB8}.Release|Any CPU.ActiveCfg = Release|Any CPU
		{F057025B-9787-41C3-8E64-6900F3B71DB8}.Release|Any CPU.Build.0 = Release|Any CPU
		{F057025B-9787-41C3-8E64-6900F3B71DB8}.Release|x64.ActiveCfg = Release|Any CPU
		{F057025B-9787-41C3-8E64-6900F3B71DB8}.Release|x64.Build.0 = Release|Any CPU
		{F057025B-9787-41C3-8E64-6900F3B71DB8}.Release|x86.ActiveCfg = Release|Any CPU
		{F057025B-9787-41C3-8E64-6900F3B71DB8}.Release|x86.Build.0 = Release|Any CPU
		{4C0CEEFD-DE24-4B2F-8929-40D7F42618AF}.Debug|Any CPU.ActiveCfg = Debug|Any CPU
		{4C0CEEFD-DE24-4B2F-8929-40D7F42618AF}.Debug|Any CPU.Build.0 = Debug|Any CPU
		{4C0CEEFD-DE24-4B2F-8929-40D7F42618AF}.Debug|x64.ActiveCfg = Debug|Any CPU
		{4C0CEEFD-DE24-4B2F-8929-40D7F42618AF}.Debug|x64.Build.0 = Debug|Any CPU
		{4C0CEEFD-DE24-4B2F-8929-40D7F42618AF}.Debug|x86.ActiveCfg = Debug|Any CPU
		{4C0CEEFD-DE24-4B2F-8929-40D7F42618AF}.Debug|x86.Build.0 = Debug|Any CPU
		{4C0CEEFD-DE24-4B2F-8929-40D7F42618AF}.Release|Any CPU.ActiveCfg = Release|Any CPU
		{4C0CEEFD-DE24-4B2F-8929-40D7F42618AF}.Release|Any CPU.Build.0 = Release|Any CPU
		{4C0CEEFD-DE24-4B2F-8929-40D7F42618AF}.Release|x64.ActiveCfg = Release|Any CPU
		{4C0CEEFD-DE24-4B2F-8929-40D7F42618AF}.Release|x64.Build.0 = Release|Any CPU
		{4C0CEEFD-DE24-4B2F-8929-40D7F42618AF}.Release|x86.ActiveCfg = Release|Any CPU
		{4C0CEEFD-DE24-4B2F-8929-40D7F42618AF}.Release|x86.Build.0 = Release|Any CPU
		{EE683C03-3155-43CE-8DFA-3563A70CAF75}.Debug|Any CPU.ActiveCfg = Debug|Any CPU
		{EE683C03-3155-43CE-8DFA-3563A70CAF75}.Debug|Any CPU.Build.0 = Debug|Any CPU
		{EE683C03-3155-43CE-8DFA-3563A70CAF75}.Debug|x64.ActiveCfg = Debug|Any CPU
		{EE683C03-3155-43CE-8DFA-3563A70CAF75}.Debug|x64.Build.0 = Debug|Any CPU
		{EE683C03-3155-43CE-8DFA-3563A70CAF75}.Debug|x86.ActiveCfg = Debug|Any CPU
		{EE683C03-3155-43CE-8DFA-3563A70CAF75}.Debug|x86.Build.0 = Debug|Any CPU
		{EE683C03-3155-43CE-8DFA-3563A70CAF75}.Release|Any CPU.ActiveCfg = Release|Any CPU
		{EE683C03-3155-43CE-8DFA-3563A70CAF75}.Release|Any CPU.Build.0 = Release|Any CPU
		{EE683C03-3155-43CE-8DFA-3563A70CAF75}.Release|x64.ActiveCfg = Release|Any CPU
		{EE683C03-3155-43CE-8DFA-3563A70CAF75}.Release|x64.Build.0 = Release|Any CPU
		{EE683C03-3155-43CE-8DFA-3563A70CAF75}.Release|x86.ActiveCfg = Release|Any CPU
		{EE683C03-3155-43CE-8DFA-3563A70CAF75}.Release|x86.Build.0 = Release|Any CPU
		{2BE5578E-7316-4BDC-AE8A-437AFD56E471}.Debug|Any CPU.ActiveCfg = Debug|Any CPU
		{2BE5578E-7316-4BDC-AE8A-437AFD56E471}.Debug|Any CPU.Build.0 = Debug|Any CPU
		{2BE5578E-7316-4BDC-AE8A-437AFD56E471}.Debug|x64.ActiveCfg = Debug|Any CPU
		{2BE5578E-7316-4BDC-AE8A-437AFD56E471}.Debug|x64.Build.0 = Debug|Any CPU
		{2BE5578E-7316-4BDC-AE8A-437AFD56E471}.Debug|x86.ActiveCfg = Debug|Any CPU
		{2BE5578E-7316-4BDC-AE8A-437AFD56E471}.Debug|x86.Build.0 = Debug|Any CPU
		{2BE5578E-7316-4BDC-AE8A-437AFD56E471}.Release|Any CPU.ActiveCfg = Release|Any CPU
		{2BE5578E-7316-4BDC-AE8A-437AFD56E471}.Release|Any CPU.Build.0 = Release|Any CPU
		{2BE5578E-7316-4BDC-AE8A-437AFD56E471}.Release|x64.ActiveCfg = Release|Any CPU
		{2BE5578E-7316-4BDC-AE8A-437AFD56E471}.Release|x64.Build.0 = Release|Any CPU
		{2BE5578E-7316-4BDC-AE8A-437AFD56E471}.Release|x86.ActiveCfg = Release|Any CPU
		{2BE5578E-7316-4BDC-AE8A-437AFD56E471}.Release|x86.Build.0 = Release|Any CPU
		{2A98F881-870B-4187-9848-6D6A7C30DBBC}.Debug|Any CPU.ActiveCfg = Debug|Any CPU
		{2A98F881-870B-4187-9848-6D6A7C30DBBC}.Debug|Any CPU.Build.0 = Debug|Any CPU
		{2A98F881-870B-4187-9848-6D6A7C30DBBC}.Debug|x64.ActiveCfg = Debug|Any CPU
		{2A98F881-870B-4187-9848-6D6A7C30DBBC}.Debug|x64.Build.0 = Debug|Any CPU
		{2A98F881-870B-4187-9848-6D6A7C30DBBC}.Debug|x86.ActiveCfg = Debug|Any CPU
		{2A98F881-870B-4187-9848-6D6A7C30DBBC}.Debug|x86.Build.0 = Debug|Any CPU
		{2A98F881-870B-4187-9848-6D6A7C30DBBC}.Release|Any CPU.ActiveCfg = Release|Any CPU
		{2A98F881-870B-4187-9848-6D6A7C30DBBC}.Release|Any CPU.Build.0 = Release|Any CPU
		{2A98F881-870B-4187-9848-6D6A7C30DBBC}.Release|x64.ActiveCfg = Release|Any CPU
		{2A98F881-870B-4187-9848-6D6A7C30DBBC}.Release|x64.Build.0 = Release|Any CPU
		{2A98F881-870B-4187-9848-6D6A7C30DBBC}.Release|x86.ActiveCfg = Release|Any CPU
		{2A98F881-870B-4187-9848-6D6A7C30DBBC}.Release|x86.Build.0 = Release|Any CPU
		{3E9CED25-2841-4E51-917C-7D94565333BE}.Debug|Any CPU.ActiveCfg = Debug|Any CPU
		{3E9CED25-2841-4E51-917C-7D94565333BE}.Debug|Any CPU.Build.0 = Debug|Any CPU
		{3E9CED25-2841-4E51-917C-7D94565333BE}.Debug|x64.ActiveCfg = Debug|Any CPU
		{3E9CED25-2841-4E51-917C-7D94565333BE}.Debug|x64.Build.0 = Debug|Any CPU
		{3E9CED25-2841-4E51-917C-7D94565333BE}.Debug|x86.ActiveCfg = Debug|Any CPU
		{3E9CED25-2841-4E51-917C-7D94565333BE}.Debug|x86.Build.0 = Debug|Any CPU
		{3E9CED25-2841-4E51-917C-7D94565333BE}.Release|Any CPU.ActiveCfg = Release|Any CPU
		{3E9CED25-2841-4E51-917C-7D94565333BE}.Release|Any CPU.Build.0 = Release|Any CPU
		{3E9CED25-2841-4E51-917C-7D94565333BE}.Release|x64.ActiveCfg = Release|Any CPU
		{3E9CED25-2841-4E51-917C-7D94565333BE}.Release|x64.Build.0 = Release|Any CPU
		{3E9CED25-2841-4E51-917C-7D94565333BE}.Release|x86.ActiveCfg = Release|Any CPU
		{3E9CED25-2841-4E51-917C-7D94565333BE}.Release|x86.Build.0 = Release|Any CPU
		{D369152A-3E2E-4C56-A3F6-0E7F0458CFC2}.Debug|Any CPU.ActiveCfg = Debug|Any CPU
		{D369152A-3E2E-4C56-A3F6-0E7F0458CFC2}.Debug|Any CPU.Build.0 = Debug|Any CPU
		{D369152A-3E2E-4C56-A3F6-0E7F0458CFC2}.Debug|x64.ActiveCfg = Debug|Any CPU
		{D369152A-3E2E-4C56-A3F6-0E7F0458CFC2}.Debug|x64.Build.0 = Debug|Any CPU
		{D369152A-3E2E-4C56-A3F6-0E7F0458CFC2}.Debug|x86.ActiveCfg = Debug|Any CPU
		{D369152A-3E2E-4C56-A3F6-0E7F0458CFC2}.Debug|x86.Build.0 = Debug|Any CPU
		{D369152A-3E2E-4C56-A3F6-0E7F0458CFC2}.Release|Any CPU.ActiveCfg = Release|Any CPU
		{D369152A-3E2E-4C56-A3F6-0E7F0458CFC2}.Release|Any CPU.Build.0 = Release|Any CPU
		{D369152A-3E2E-4C56-A3F6-0E7F0458CFC2}.Release|x64.ActiveCfg = Release|Any CPU
		{D369152A-3E2E-4C56-A3F6-0E7F0458CFC2}.Release|x64.Build.0 = Release|Any CPU
		{D369152A-3E2E-4C56-A3F6-0E7F0458CFC2}.Release|x86.ActiveCfg = Release|Any CPU
		{D369152A-3E2E-4C56-A3F6-0E7F0458CFC2}.Release|x86.Build.0 = Release|Any CPU
		{2476FAFD-274F-4EC9-AAD6-96AC0498E1F7}.Debug|Any CPU.ActiveCfg = Debug|Any CPU
		{2476FAFD-274F-4EC9-AAD6-96AC0498E1F7}.Debug|Any CPU.Build.0 = Debug|Any CPU
		{2476FAFD-274F-4EC9-AAD6-96AC0498E1F7}.Debug|x64.ActiveCfg = Debug|Any CPU
		{2476FAFD-274F-4EC9-AAD6-96AC0498E1F7}.Debug|x64.Build.0 = Debug|Any CPU
		{2476FAFD-274F-4EC9-AAD6-96AC0498E1F7}.Debug|x86.ActiveCfg = Debug|Any CPU
		{2476FAFD-274F-4EC9-AAD6-96AC0498E1F7}.Debug|x86.Build.0 = Debug|Any CPU
		{2476FAFD-274F-4EC9-AAD6-96AC0498E1F7}.Release|Any CPU.ActiveCfg = Release|Any CPU
		{2476FAFD-274F-4EC9-AAD6-96AC0498E1F7}.Release|Any CPU.Build.0 = Release|Any CPU
		{2476FAFD-274F-4EC9-AAD6-96AC0498E1F7}.Release|x64.ActiveCfg = Release|Any CPU
		{2476FAFD-274F-4EC9-AAD6-96AC0498E1F7}.Release|x64.Build.0 = Release|Any CPU
		{2476FAFD-274F-4EC9-AAD6-96AC0498E1F7}.Release|x86.ActiveCfg = Release|Any CPU
		{2476FAFD-274F-4EC9-AAD6-96AC0498E1F7}.Release|x86.Build.0 = Release|Any CPU
		{41969494-C71D-49AB-8C7B-665A83815B31}.Debug|Any CPU.ActiveCfg = Debug|Any CPU
		{41969494-C71D-49AB-8C7B-665A83815B31}.Debug|Any CPU.Build.0 = Debug|Any CPU
		{41969494-C71D-49AB-8C7B-665A83815B31}.Debug|x64.ActiveCfg = Debug|Any CPU
		{41969494-C71D-49AB-8C7B-665A83815B31}.Debug|x64.Build.0 = Debug|Any CPU
		{41969494-C71D-49AB-8C7B-665A83815B31}.Debug|x86.ActiveCfg = Debug|Any CPU
		{41969494-C71D-49AB-8C7B-665A83815B31}.Debug|x86.Build.0 = Debug|Any CPU
		{41969494-C71D-49AB-8C7B-665A83815B31}.Release|Any CPU.ActiveCfg = Release|Any CPU
		{41969494-C71D-49AB-8C7B-665A83815B31}.Release|Any CPU.Build.0 = Release|Any CPU
		{41969494-C71D-49AB-8C7B-665A83815B31}.Release|x64.ActiveCfg = Release|Any CPU
		{41969494-C71D-49AB-8C7B-665A83815B31}.Release|x64.Build.0 = Release|Any CPU
		{41969494-C71D-49AB-8C7B-665A83815B31}.Release|x86.ActiveCfg = Release|Any CPU
		{41969494-C71D-49AB-8C7B-665A83815B31}.Release|x86.Build.0 = Release|Any CPU
	EndGlobalSection
	GlobalSection(SolutionProperties) = preSolution
		HideSolutionNode = FALSE
	EndGlobalSection
	GlobalSection(NestedProjects) = preSolution
		{EFB66B6E-79B3-407C-8EE4-24C032DF5898} = {0BF34740-32A4-1C8E-3DD9-FDD31F26385B}
		{A6BE4BF9-E7C2-4E63-8365-7C8474BAF401} = {0BF34740-32A4-1C8E-3DD9-FDD31F26385B}
		{8E2042D5-C86F-46D3-85EB-ABFC276E269B} = {0BF34740-32A4-1C8E-3DD9-FDD31F26385B}
		{10D86CE0-0138-4AFD-90C7-D4BD2470E511} = {0BF34740-32A4-1C8E-3DD9-FDD31F26385B}
		{2E85C579-DA79-4EC1-8A31-AA523161B295} = {93C2DB5F-E355-B570-AA3E-A91EFCDA8A42}
		{CE8007F9-1002-4E16-BF17-5AF2CEAF2B7D} = {93C2DB5F-E355-B570-AA3E-A91EFCDA8A42}
		{3555ED0F-AA00-431E-81DB-1FC876DB7006} = {93C2DB5F-E355-B570-AA3E-A91EFCDA8A42}
		{C77416F9-1862-48F2-A79D-2066F57E75CB} = {93C2DB5F-E355-B570-AA3E-A91EFCDA8A42}
		{68366253-34A6-48F9-AC89-D9FC63ACE998} = {792163B1-7282-0F3A-CAA9-748188EB6940}
		{B93388D2-6EDF-47AA-8DEF-C96C24D8D49E} = {792163B1-7282-0F3A-CAA9-748188EB6940}
		{8521DF83-38AC-4B58-89A1-57F3F687366C} = {792163B1-7282-0F3A-CAA9-748188EB6940}
		{F057025B-9787-41C3-8E64-6900F3B71DB8} = {792163B1-7282-0F3A-CAA9-748188EB6940}
		{4C0CEEFD-DE24-4B2F-8929-40D7F42618AF} = {8FECB01E-5FEF-BCB2-1A92-B85F367FEDF3}
		{EE683C03-3155-43CE-8DFA-3563A70CAF75} = {8FECB01E-5FEF-BCB2-1A92-B85F367FEDF3}
		{2BE5578E-7316-4BDC-AE8A-437AFD56E471} = {8FECB01E-5FEF-BCB2-1A92-B85F367FEDF3}
		{2A98F881-870B-4187-9848-6D6A7C30DBBC} = {8FECB01E-5FEF-BCB2-1A92-B85F367FEDF3}
		{3E9CED25-2841-4E51-917C-7D94565333BE} = {BD0915EC-35DE-62BC-4499-7DB06DDACDAF}
		{D369152A-3E2E-4C56-A3F6-0E7F0458CFC2} = {BD0915EC-35DE-62BC-4499-7DB06DDACDAF}
		{2476FAFD-274F-4EC9-AAD6-96AC0498E1F7} = {BD0915EC-35DE-62BC-4499-7DB06DDACDAF}
		{41969494-C71D-49AB-8C7B-665A83815B31} = {BD0915EC-35DE-62BC-4499-7DB06DDACDAF}
	EndGlobalSection
EndGlobal
