
Microsoft Visual Studio Solution File, Format Version 12.00
# Visual Studio Version 17
VisualStudioVersion = 17.12.35527.113
MinimumVisualStudioVersion = 10.0.40219.1
Project("{FAE04EC0-301F-11D3-BF4B-00C04F79EFBC}") = "ChapterAPI", "ChapterAPI\ChapterAPI.csproj", "{B77BA7CE-FEDF-47E8-B2C3-467D7666AD10}"
EndProject
Project("{FAE04EC0-301F-11D3-BF4B-00C04F79EFBC}") = "BannerAPI", "BannerAPI\BannerAPI.csproj", "{4F35224A-369E-4557-8841-2B6408785510}"
EndProject
Project("{FAE04EC0-301F-11D3-BF4B-00C04F79EFBC}") = "MissionAPI", "MissionAPI\MissionAPI.csproj", "{C8DCD686-C7C7-426B-BFD4-A9024388B90A}"
EndProject
Project("{FAE04EC0-301F-11D3-BF4B-00C04F79EFBC}") = "PaymentAPI", "PaymentAPI\PaymentAPI.csproj", "{A66D6F56-50AF-4A22-A125-67B3B86128EA}"
EndProject
Project("{FAE04EC0-301F-11D3-BF4B-00C04F79EFBC}") = "WalletAPI", "WalletAPI\WalletAPI.csproj", "{20DB6F1C-4FF7-4A0B-B32A-EA19EFC17091}"
EndProject
Project("{FAE04EC0-301F-11D3-BF4B-00C04F79EFBC}") = "SocialAPI", "SocialAPI\SocialAPI.csproj", "{65B52917-02BE-4ADD-B0C1-7AA4D3D1B137}"
EndProject
Project("{FAE04EC0-301F-11D3-BF4B-00C04F79EFBC}") = "SharedKernel", "SharedKernel\SharedKernel.csproj", "{1D578305-AB8E-4C3F-94B2-889AD5F95517}"
EndProject
Project("{FAE04EC0-301F-11D3-BF4B-00C04F79EFBC}") = "ApiGateway", "ApiGateway\ApiGateway.csproj", "{DBD99AD9-6691-4616-84B0-E8FFA9F4F921}"
EndProject
Project("{2150E333-8FDC-42A3-9474-1A3956D46DE8}") = "ComicAPI", "ComicAPI", "{0BF34740-32A4-1C8E-3DD9-FDD31F26385B}"
EndProject
Project("{FAE04EC0-301F-11D3-BF4B-00C04F79EFBC}") = "ComicAPI.API", "ComicAPI\ComicAPI.API\ComicAPI.API.csproj", "{EFB66B6E-79B3-407C-8EE4-24C032DF5898}"
EndProject
Project("{FAE04EC0-301F-11D3-BF4B-00C04F79EFBC}") = "ComicAPI.Domain", "ComicAPI\ComicAPI.Domain\ComicAPI.Domain.csproj", "{A6BE4BF9-E7C2-4E63-8365-7C8474BAF401}"
EndProject
Project("{FAE04EC0-301F-11D3-BF4B-00C04F79EFBC}") = "ComicAPI.Application", "ComicAPI\ComicAPI.Application\ComicAPI.Application.csproj", "{8E2042D5-C86F-46D3-85EB-ABFC276E269B}"
EndProject
Project("{FAE04EC0-301F-11D3-BF4B-00C04F79EFBC}") = "ComicAPI.Infrastructure", "ComicAPI\ComicAPI.Infrastructure\ComicAPI.Infrastructure.csproj", "{10D86CE0-0138-4AFD-90C7-D4BD2470E511}"
EndProject
Project("{2150E333-8FDC-42A3-9474-1A3956D46DE8}") = "UserAPI", "UserAPI", "{93C2DB5F-E355-B570-AA3E-A91EFCDA8A42}"
EndProject
Project("{FAE04EC0-301F-11D3-BF4B-00C04F79EFBC}") = "UserAPI.API", "UserAPI\UserAPI.API\UserAPI.API.csproj", "{2E85C579-DA79-4EC1-8A31-AA523161B295}"
EndProject
Project("{FAE04EC0-301F-11D3-BF4B-00C04F79EFBC}") = "UserAPI.Application", "UserAPI\UserAPI.Application\UserAPI.Application.csproj", "{CE8007F9-1002-4E16-BF17-5AF2CEAF2B7D}"
EndProject
Project("{FAE04EC0-301F-11D3-BF4B-00C04F79EFBC}") = "UserAPI.Domain", "UserAPI\UserAPI.Domain\UserAPI.Domain.csproj", "{3555ED0F-AA00-431E-81DB-1FC876DB7006}"
EndProject
Project("{FAE04EC0-301F-11D3-BF4B-00C04F79EFBC}") = "UserAPI.Infrastructure", "UserAPI\UserAPI.Infrastructure\UserAPI.Infrastructure.csproj", "{C77416F9-1862-48F2-A79D-2066F57E75CB}"
EndProject
Global
	GlobalSection(SolutionConfigurationPlatforms) = preSolution
		Debug|Any CPU = Debug|Any CPU
		Debug|x64 = Debug|x64
		Debug|x86 = Debug|x86
		Release|Any CPU = Release|Any CPU
		Release|x64 = Release|x64
		Release|x86 = Release|x86
	EndGlobalSection
	GlobalSection(ProjectConfigurationPlatforms) = postSolution
		{B77BA7CE-FEDF-47E8-B2C3-467D7666AD10}.Debug|Any CPU.ActiveCfg = Debug|Any CPU
		{B77BA7CE-FEDF-47E8-B2C3-467D7666AD10}.Debug|Any CPU.Build.0 = Debug|Any CPU
		{B77BA7CE-FEDF-47E8-B2C3-467D7666AD10}.Debug|x64.ActiveCfg = Debug|Any CPU
		{B77BA7CE-FEDF-47E8-B2C3-467D7666AD10}.Debug|x64.Build.0 = Debug|Any CPU
		{B77BA7CE-FEDF-47E8-B2C3-467D7666AD10}.Debug|x86.ActiveCfg = Debug|Any CPU
		{B77BA7CE-FEDF-47E8-B2C3-467D7666AD10}.Debug|x86.Build.0 = Debug|Any CPU
		{B77BA7CE-FEDF-47E8-B2C3-467D7666AD10}.Release|Any CPU.ActiveCfg = Release|Any CPU
		{B77BA7CE-FEDF-47E8-B2C3-467D7666AD10}.Release|Any CPU.Build.0 = Release|Any CPU
		{B77BA7CE-FEDF-47E8-B2C3-467D7666AD10}.Release|x64.ActiveCfg = Release|Any CPU
		{B77BA7CE-FEDF-47E8-B2C3-467D7666AD10}.Release|x64.Build.0 = Release|Any CPU
		{B77BA7CE-FEDF-47E8-B2C3-467D7666AD10}.Release|x86.ActiveCfg = Release|Any CPU
		{B77BA7CE-FEDF-47E8-B2C3-467D7666AD10}.Release|x86.Build.0 = Release|Any CPU
		{4F35224A-369E-4557-8841-2B6408785510}.Debug|Any CPU.ActiveCfg = Debug|Any CPU
		{4F35224A-369E-4557-8841-2B6408785510}.Debug|Any CPU.Build.0 = Debug|Any CPU
		{4F35224A-369E-4557-8841-2B6408785510}.Debug|x64.ActiveCfg = Debug|Any CPU
		{4F35224A-369E-4557-8841-2B6408785510}.Debug|x64.Build.0 = Debug|Any CPU
		{4F35224A-369E-4557-8841-2B6408785510}.Debug|x86.ActiveCfg = Debug|Any CPU
		{4F35224A-369E-4557-8841-2B6408785510}.Debug|x86.Build.0 = Debug|Any CPU
		{4F35224A-369E-4557-8841-2B6408785510}.Release|Any CPU.ActiveCfg = Release|Any CPU
		{4F35224A-369E-4557-8841-2B6408785510}.Release|Any CPU.Build.0 = Release|Any CPU
		{4F35224A-369E-4557-8841-2B6408785510}.Release|x64.ActiveCfg = Release|Any CPU
		{4F35224A-369E-4557-8841-2B6408785510}.Release|x64.Build.0 = Release|Any CPU
		{4F35224A-369E-4557-8841-2B6408785510}.Release|x86.ActiveCfg = Release|Any CPU
		{4F35224A-369E-4557-8841-2B6408785510}.Release|x86.Build.0 = Release|Any CPU
		{C8DCD686-C7C7-426B-BFD4-A9024388B90A}.Debug|Any CPU.ActiveCfg = Debug|Any CPU
		{C8DCD686-C7C7-426B-BFD4-A9024388B90A}.Debug|Any CPU.Build.0 = Debug|Any CPU
		{C8DCD686-C7C7-426B-BFD4-A9024388B90A}.Debug|x64.ActiveCfg = Debug|Any CPU
		{C8DCD686-C7C7-426B-BFD4-A9024388B90A}.Debug|x64.Build.0 = Debug|Any CPU
		{C8DCD686-C7C7-426B-BFD4-A9024388B90A}.Debug|x86.ActiveCfg = Debug|Any CPU
		{C8DCD686-C7C7-426B-BFD4-A9024388B90A}.Debug|x86.Build.0 = Debug|Any CPU
		{C8DCD686-C7C7-426B-BFD4-A9024388B90A}.Release|Any CPU.ActiveCfg = Release|Any CPU
		{C8DCD686-C7C7-426B-BFD4-A9024388B90A}.Release|Any CPU.Build.0 = Release|Any CPU
		{C8DCD686-C7C7-426B-BFD4-A9024388B90A}.Release|x64.ActiveCfg = Release|Any CPU
		{C8DCD686-C7C7-426B-BFD4-A9024388B90A}.Release|x64.Build.0 = Release|Any CPU
		{C8DCD686-C7C7-426B-BFD4-A9024388B90A}.Release|x86.ActiveCfg = Release|Any CPU
		{C8DCD686-C7C7-426B-BFD4-A9024388B90A}.Release|x86.Build.0 = Release|Any CPU
		{A66D6F56-50AF-4A22-A125-67B3B86128EA}.Debug|Any CPU.ActiveCfg = Debug|Any CPU
		{A66D6F56-50AF-4A22-A125-67B3B86128EA}.Debug|Any CPU.Build.0 = Debug|Any CPU
		{A66D6F56-50AF-4A22-A125-67B3B86128EA}.Debug|x64.ActiveCfg = Debug|Any CPU
		{A66D6F56-50AF-4A22-A125-67B3B86128EA}.Debug|x64.Build.0 = Debug|Any CPU
		{A66D6F56-50AF-4A22-A125-67B3B86128EA}.Debug|x86.ActiveCfg = Debug|Any CPU
		{A66D6F56-50AF-4A22-A125-67B3B86128EA}.Debug|x86.Build.0 = Debug|Any CPU
		{A66D6F56-50AF-4A22-A125-67B3B86128EA}.Release|Any CPU.ActiveCfg = Release|Any CPU
		{A66D6F56-50AF-4A22-A125-67B3B86128EA}.Release|Any CPU.Build.0 = Release|Any CPU
		{A66D6F56-50AF-4A22-A125-67B3B86128EA}.Release|x64.ActiveCfg = Release|Any CPU
		{A66D6F56-50AF-4A22-A125-67B3B86128EA}.Release|x64.Build.0 = Release|Any CPU
		{A66D6F56-50AF-4A22-A125-67B3B86128EA}.Release|x86.ActiveCfg = Release|Any CPU
		{A66D6F56-50AF-4A22-A125-67B3B86128EA}.Release|x86.Build.0 = Release|Any CPU
		{20DB6F1C-4FF7-4A0B-B32A-EA19EFC17091}.Debug|Any CPU.ActiveCfg = Debug|Any CPU
		{20DB6F1C-4FF7-4A0B-B32A-EA19EFC17091}.Debug|Any CPU.Build.0 = Debug|Any CPU
		{20DB6F1C-4FF7-4A0B-B32A-EA19EFC17091}.Debug|x64.ActiveCfg = Debug|Any CPU
		{20DB6F1C-4FF7-4A0B-B32A-EA19EFC17091}.Debug|x64.Build.0 = Debug|Any CPU
		{20DB6F1C-4FF7-4A0B-B32A-EA19EFC17091}.Debug|x86.ActiveCfg = Debug|Any CPU
		{20DB6F1C-4FF7-4A0B-B32A-EA19EFC17091}.Debug|x86.Build.0 = Debug|Any CPU
		{20DB6F1C-4FF7-4A0B-B32A-EA19EFC17091}.Release|Any CPU.ActiveCfg = Release|Any CPU
		{20DB6F1C-4FF7-4A0B-B32A-EA19EFC17091}.Release|Any CPU.Build.0 = Release|Any CPU
		{20DB6F1C-4FF7-4A0B-B32A-EA19EFC17091}.Release|x64.ActiveCfg = Release|Any CPU
		{20DB6F1C-4FF7-4A0B-B32A-EA19EFC17091}.Release|x64.Build.0 = Release|Any CPU
		{20DB6F1C-4FF7-4A0B-B32A-EA19EFC17091}.Release|x86.ActiveCfg = Release|Any CPU
		{20DB6F1C-4FF7-4A0B-B32A-EA19EFC17091}.Release|x86.Build.0 = Release|Any CPU
		{65B52917-02BE-4ADD-B0C1-7AA4D3D1B137}.Debug|Any CPU.ActiveCfg = Debug|Any CPU
		{65B52917-02BE-4ADD-B0C1-7AA4D3D1B137}.Debug|Any CPU.Build.0 = Debug|Any CPU
		{65B52917-02BE-4ADD-B0C1-7AA4D3D1B137}.Debug|x64.ActiveCfg = Debug|Any CPU
		{65B52917-02BE-4ADD-B0C1-7AA4D3D1B137}.Debug|x64.Build.0 = Debug|Any CPU
		{65B52917-02BE-4ADD-B0C1-7AA4D3D1B137}.Debug|x86.ActiveCfg = Debug|Any CPU
		{65B52917-02BE-4ADD-B0C1-7AA4D3D1B137}.Debug|x86.Build.0 = Debug|Any CPU
		{65B52917-02BE-4ADD-B0C1-7AA4D3D1B137}.Release|Any CPU.ActiveCfg = Release|Any CPU
		{65B52917-02BE-4ADD-B0C1-7AA4D3D1B137}.Release|Any CPU.Build.0 = Release|Any CPU
		{65B52917-02BE-4ADD-B0C1-7AA4D3D1B137}.Release|x64.ActiveCfg = Release|Any CPU
		{65B52917-02BE-4ADD-B0C1-7AA4D3D1B137}.Release|x64.Build.0 = Release|Any CPU
		{65B52917-02BE-4ADD-B0C1-7AA4D3D1B137}.Release|x86.ActiveCfg = Release|Any CPU
		{65B52917-02BE-4ADD-B0C1-7AA4D3D1B137}.Release|x86.Build.0 = Release|Any CPU
		{1D578305-AB8E-4C3F-94B2-889AD5F95517}.Debug|Any CPU.ActiveCfg = Debug|Any CPU
		{1D578305-AB8E-4C3F-94B2-889AD5F95517}.Debug|Any CPU.Build.0 = Debug|Any CPU
		{1D578305-AB8E-4C3F-94B2-889AD5F95517}.Debug|x64.ActiveCfg = Debug|Any CPU
		{1D578305-AB8E-4C3F-94B2-889AD5F95517}.Debug|x64.Build.0 = Debug|Any CPU
		{1D578305-AB8E-4C3F-94B2-889AD5F95517}.Debug|x86.ActiveCfg = Debug|Any CPU
		{1D578305-AB8E-4C3F-94B2-889AD5F95517}.Debug|x86.Build.0 = Debug|Any CPU
		{1D578305-AB8E-4C3F-94B2-889AD5F95517}.Release|Any CPU.ActiveCfg = Release|Any CPU
		{1D578305-AB8E-4C3F-94B2-889AD5F95517}.Release|Any CPU.Build.0 = Release|Any CPU
		{1D578305-AB8E-4C3F-94B2-889AD5F95517}.Release|x64.ActiveCfg = Release|Any CPU
		{1D578305-AB8E-4C3F-94B2-889AD5F95517}.Release|x64.Build.0 = Release|Any CPU
		{1D578305-AB8E-4C3F-94B2-889AD5F95517}.Release|x86.ActiveCfg = Release|Any CPU
		{1D578305-AB8E-4C3F-94B2-889AD5F95517}.Release|x86.Build.0 = Release|Any CPU
		{DBD99AD9-6691-4616-84B0-E8FFA9F4F921}.Debug|Any CPU.ActiveCfg = Debug|Any CPU
		{DBD99AD9-6691-4616-84B0-E8FFA9F4F921}.Debug|Any CPU.Build.0 = Debug|Any CPU
		{DBD99AD9-6691-4616-84B0-E8FFA9F4F921}.Debug|x64.ActiveCfg = Debug|Any CPU
		{DBD99AD9-6691-4616-84B0-E8FFA9F4F921}.Debug|x64.Build.0 = Debug|Any CPU
		{DBD99AD9-6691-4616-84B0-E8FFA9F4F921}.Debug|x86.ActiveCfg = Debug|Any CPU
		{DBD99AD9-6691-4616-84B0-E8FFA9F4F921}.Debug|x86.Build.0 = Debug|Any CPU
		{DBD99AD9-6691-4616-84B0-E8FFA9F4F921}.Release|Any CPU.ActiveCfg = Release|Any CPU
		{DBD99AD9-6691-4616-84B0-E8FFA9F4F921}.Release|Any CPU.Build.0 = Release|Any CPU
		{DBD99AD9-6691-4616-84B0-E8FFA9F4F921}.Release|x64.ActiveCfg = Release|Any CPU
		{DBD99AD9-6691-4616-84B0-E8FFA9F4F921}.Release|x64.Build.0 = Release|Any CPU
		{DBD99AD9-6691-4616-84B0-E8FFA9F4F921}.Release|x86.ActiveCfg = Release|Any CPU
		{DBD99AD9-6691-4616-84B0-E8FFA9F4F921}.Release|x86.Build.0 = Release|Any CPU
		{EFB66B6E-79B3-407C-8EE4-24C032DF5898}.Debug|Any CPU.ActiveCfg = Debug|Any CPU
		{EFB66B6E-79B3-407C-8EE4-24C032DF5898}.Debug|Any CPU.Build.0 = Debug|Any CPU
		{EFB66B6E-79B3-407C-8EE4-24C032DF5898}.Debug|x64.ActiveCfg = Debug|Any CPU
		{EFB66B6E-79B3-407C-8EE4-24C032DF5898}.Debug|x64.Build.0 = Debug|Any CPU
		{EFB66B6E-79B3-407C-8EE4-24C032DF5898}.Debug|x86.ActiveCfg = Debug|Any CPU
		{EFB66B6E-79B3-407C-8EE4-24C032DF5898}.Debug|x86.Build.0 = Debug|Any CPU
		{EFB66B6E-79B3-407C-8EE4-24C032DF5898}.Release|Any CPU.ActiveCfg = Release|Any CPU
		{EFB66B6E-79B3-407C-8EE4-24C032DF5898}.Release|Any CPU.Build.0 = Release|Any CPU
		{EFB66B6E-79B3-407C-8EE4-24C032DF5898}.Release|x64.ActiveCfg = Release|Any CPU
		{EFB66B6E-79B3-407C-8EE4-24C032DF5898}.Release|x64.Build.0 = Release|Any CPU
		{EFB66B6E-79B3-407C-8EE4-24C032DF5898}.Release|x86.ActiveCfg = Release|Any CPU
		{EFB66B6E-79B3-407C-8EE4-24C032DF5898}.Release|x86.Build.0 = Release|Any CPU
		{A6BE4BF9-E7C2-4E63-8365-7C8474BAF401}.Debug|Any CPU.ActiveCfg = Debug|Any CPU
		{A6BE4BF9-E7C2-4E63-8365-7C8474BAF401}.Debug|Any CPU.Build.0 = Debug|Any CPU
		{A6BE4BF9-E7C2-4E63-8365-7C8474BAF401}.Debug|x64.ActiveCfg = Debug|Any CPU
		{A6BE4BF9-E7C2-4E63-8365-7C8474BAF401}.Debug|x64.Build.0 = Debug|Any CPU
		{A6BE4BF9-E7C2-4E63-8365-7C8474BAF401}.Debug|x86.ActiveCfg = Debug|Any CPU
		{A6BE4BF9-E7C2-4E63-8365-7C8474BAF401}.Debug|x86.Build.0 = Debug|Any CPU
		{A6BE4BF9-E7C2-4E63-8365-7C8474BAF401}.Release|Any CPU.ActiveCfg = Release|Any CPU
		{A6BE4BF9-E7C2-4E63-8365-7C8474BAF401}.Release|Any CPU.Build.0 = Release|Any CPU
		{A6BE4BF9-E7C2-4E63-8365-7C8474BAF401}.Release|x64.ActiveCfg = Release|Any CPU
		{A6BE4BF9-E7C2-4E63-8365-7C8474BAF401}.Release|x64.Build.0 = Release|Any CPU
		{A6BE4BF9-E7C2-4E63-8365-7C8474BAF401}.Release|x86.ActiveCfg = Release|Any CPU
		{A6BE4BF9-E7C2-4E63-8365-7C8474BAF401}.Release|x86.Build.0 = Release|Any CPU
		{8E2042D5-C86F-46D3-85EB-ABFC276E269B}.Debug|Any CPU.ActiveCfg = Debug|Any CPU
		{8E2042D5-C86F-46D3-85EB-ABFC276E269B}.Debug|Any CPU.Build.0 = Debug|Any CPU
		{8E2042D5-C86F-46D3-85EB-ABFC276E269B}.Debug|x64.ActiveCfg = Debug|Any CPU
		{8E2042D5-C86F-46D3-85EB-ABFC276E269B}.Debug|x64.Build.0 = Debug|Any CPU
		{8E2042D5-C86F-46D3-85EB-ABFC276E269B}.Debug|x86.ActiveCfg = Debug|Any CPU
		{8E2042D5-C86F-46D3-85EB-ABFC276E269B}.Debug|x86.Build.0 = Debug|Any CPU
		{8E2042D5-C86F-46D3-85EB-ABFC276E269B}.Release|Any CPU.ActiveCfg = Release|Any CPU
		{8E2042D5-C86F-46D3-85EB-ABFC276E269B}.Release|Any CPU.Build.0 = Release|Any CPU
		{8E2042D5-C86F-46D3-85EB-ABFC276E269B}.Release|x64.ActiveCfg = Release|Any CPU
		{8E2042D5-C86F-46D3-85EB-ABFC276E269B}.Release|x64.Build.0 = Release|Any CPU
		{8E2042D5-C86F-46D3-85EB-ABFC276E269B}.Release|x86.ActiveCfg = Release|Any CPU
		{8E2042D5-C86F-46D3-85EB-ABFC276E269B}.Release|x86.Build.0 = Release|Any CPU
		{10D86CE0-0138-4AFD-90C7-D4BD2470E511}.Debug|Any CPU.ActiveCfg = Debug|Any CPU
		{10D86CE0-0138-4AFD-90C7-D4BD2470E511}.Debug|Any CPU.Build.0 = Debug|Any CPU
		{10D86CE0-0138-4AFD-90C7-D4BD2470E511}.Debug|x64.ActiveCfg = Debug|Any CPU
		{10D86CE0-0138-4AFD-90C7-D4BD2470E511}.Debug|x64.Build.0 = Debug|Any CPU
		{10D86CE0-0138-4AFD-90C7-D4BD2470E511}.Debug|x86.ActiveCfg = Debug|Any CPU
		{10D86CE0-0138-4AFD-90C7-D4BD2470E511}.Debug|x86.Build.0 = Debug|Any CPU
		{10D86CE0-0138-4AFD-90C7-D4BD2470E511}.Release|Any CPU.ActiveCfg = Release|Any CPU
		{10D86CE0-0138-4AFD-90C7-D4BD2470E511}.Release|Any CPU.Build.0 = Release|Any CPU
		{10D86CE0-0138-4AFD-90C7-D4BD2470E511}.Release|x64.ActiveCfg = Release|Any CPU
		{10D86CE0-0138-4AFD-90C7-D4BD2470E511}.Release|x64.Build.0 = Release|Any CPU
		{10D86CE0-0138-4AFD-90C7-D4BD2470E511}.Release|x86.ActiveCfg = Release|Any CPU
		{10D86CE0-0138-4AFD-90C7-D4BD2470E511}.Release|x86.Build.0 = Release|Any CPU
		{2E85C579-DA79-4EC1-8A31-AA523161B295}.Debug|Any CPU.ActiveCfg = Debug|Any CPU
		{2E85C579-DA79-4EC1-8A31-AA523161B295}.Debug|Any CPU.Build.0 = Debug|Any CPU
		{2E85C579-DA79-4EC1-8A31-AA523161B295}.Debug|x64.ActiveCfg = Debug|Any CPU
		{2E85C579-DA79-4EC1-8A31-AA523161B295}.Debug|x64.Build.0 = Debug|Any CPU
		{2E85C579-DA79-4EC1-8A31-AA523161B295}.Debug|x86.ActiveCfg = Debug|Any CPU
		{2E85C579-DA79-4EC1-8A31-AA523161B295}.Debug|x86.Build.0 = Debug|Any CPU
		{2E85C579-DA79-4EC1-8A31-AA523161B295}.Release|Any CPU.ActiveCfg = Release|Any CPU
		{2E85C579-DA79-4EC1-8A31-AA523161B295}.Release|Any CPU.Build.0 = Release|Any CPU
		{2E85C579-DA79-4EC1-8A31-AA523161B295}.Release|x64.ActiveCfg = Release|Any CPU
		{2E85C579-DA79-4EC1-8A31-AA523161B295}.Release|x64.Build.0 = Release|Any CPU
		{2E85C579-DA79-4EC1-8A31-AA523161B295}.Release|x86.ActiveCfg = Release|Any CPU
		{2E85C579-DA79-4EC1-8A31-AA523161B295}.Release|x86.Build.0 = Release|Any CPU
		{CE8007F9-1002-4E16-BF17-5AF2CEAF2B7D}.Debug|Any CPU.ActiveCfg = Debug|Any CPU
		{CE8007F9-1002-4E16-BF17-5AF2CEAF2B7D}.Debug|Any CPU.Build.0 = Debug|Any CPU
		{CE8007F9-1002-4E16-BF17-5AF2CEAF2B7D}.Debug|x64.ActiveCfg = Debug|Any CPU
		{CE8007F9-1002-4E16-BF17-5AF2CEAF2B7D}.Debug|x64.Build.0 = Debug|Any CPU
		{CE8007F9-1002-4E16-BF17-5AF2CEAF2B7D}.Debug|x86.ActiveCfg = Debug|Any CPU
		{CE8007F9-1002-4E16-BF17-5AF2CEAF2B7D}.Debug|x86.Build.0 = Debug|Any CPU
		{CE8007F9-1002-4E16-BF17-5AF2CEAF2B7D}.Release|Any CPU.ActiveCfg = Release|Any CPU
		{CE8007F9-1002-4E16-BF17-5AF2CEAF2B7D}.Release|Any CPU.Build.0 = Release|Any CPU
		{CE8007F9-1002-4E16-BF17-5AF2CEAF2B7D}.Release|x64.ActiveCfg = Release|Any CPU
		{CE8007F9-1002-4E16-BF17-5AF2CEAF2B7D}.Release|x64.Build.0 = Release|Any CPU
		{CE8007F9-1002-4E16-BF17-5AF2CEAF2B7D}.Release|x86.ActiveCfg = Release|Any CPU
		{CE8007F9-1002-4E16-BF17-5AF2CEAF2B7D}.Release|x86.Build.0 = Release|Any CPU
		{3555ED0F-AA00-431E-81DB-1FC876DB7006}.Debug|Any CPU.ActiveCfg = Debug|Any CPU
		{3555ED0F-AA00-431E-81DB-1FC876DB7006}.Debug|Any CPU.Build.0 = Debug|Any CPU
		{3555ED0F-AA00-431E-81DB-1FC876DB7006}.Debug|x64.ActiveCfg = Debug|Any CPU
		{3555ED0F-AA00-431E-81DB-1FC876DB7006}.Debug|x64.Build.0 = Debug|Any CPU
		{3555ED0F-AA00-431E-81DB-1FC876DB7006}.Debug|x86.ActiveCfg = Debug|Any CPU
		{3555ED0F-AA00-431E-81DB-1FC876DB7006}.Debug|x86.Build.0 = Debug|Any CPU
		{3555ED0F-AA00-431E-81DB-1FC876DB7006}.Release|Any CPU.ActiveCfg = Release|Any CPU
		{3555ED0F-AA00-431E-81DB-1FC876DB7006}.Release|Any CPU.Build.0 = Release|Any CPU
		{3555ED0F-AA00-431E-81DB-1FC876DB7006}.Release|x64.ActiveCfg = Release|Any CPU
		{3555ED0F-AA00-431E-81DB-1FC876DB7006}.Release|x64.Build.0 = Release|Any CPU
		{3555ED0F-AA00-431E-81DB-1FC876DB7006}.Release|x86.ActiveCfg = Release|Any CPU
		{3555ED0F-AA00-431E-81DB-1FC876DB7006}.Release|x86.Build.0 = Release|Any CPU
		{C77416F9-1862-48F2-A79D-2066F57E75CB}.Debug|Any CPU.ActiveCfg = Debug|Any CPU
		{C77416F9-1862-48F2-A79D-2066F57E75CB}.Debug|Any CPU.Build.0 = Debug|Any CPU
		{C77416F9-1862-48F2-A79D-2066F57E75CB}.Debug|x64.ActiveCfg = Debug|Any CPU
		{C77416F9-1862-48F2-A79D-2066F57E75CB}.Debug|x64.Build.0 = Debug|Any CPU
		{C77416F9-1862-48F2-A79D-2066F57E75CB}.Debug|x86.ActiveCfg = Debug|Any CPU
		{C77416F9-1862-48F2-A79D-2066F57E75CB}.Debug|x86.Build.0 = Debug|Any CPU
		{C77416F9-1862-48F2-A79D-2066F57E75CB}.Release|Any CPU.ActiveCfg = Release|Any CPU
		{C77416F9-1862-48F2-A79D-2066F57E75CB}.Release|Any CPU.Build.0 = Release|Any CPU
		{C77416F9-1862-48F2-A79D-2066F57E75CB}.Release|x64.ActiveCfg = Release|Any CPU
		{C77416F9-1862-48F2-A79D-2066F57E75CB}.Release|x64.Build.0 = Release|Any CPU
		{C77416F9-1862-48F2-A79D-2066F57E75CB}.Release|x86.ActiveCfg = Release|Any CPU
		{C77416F9-1862-48F2-A79D-2066F57E75CB}.Release|x86.Build.0 = Release|Any CPU
	EndGlobalSection
	GlobalSection(SolutionProperties) = preSolution
		HideSolutionNode = FALSE
	EndGlobalSection
	GlobalSection(NestedProjects) = preSolution
		{EFB66B6E-79B3-407C-8EE4-24C032DF5898} = {0BF34740-32A4-1C8E-3DD9-FDD31F26385B}
		{A6BE4BF9-E7C2-4E63-8365-7C8474BAF401} = {0BF34740-32A4-1C8E-3DD9-FDD31F26385B}
		{8E2042D5-C86F-46D3-85EB-ABFC276E269B} = {0BF34740-32A4-1C8E-3DD9-FDD31F26385B}
		{10D86CE0-0138-4AFD-90C7-D4BD2470E511} = {0BF34740-32A4-1C8E-3DD9-FDD31F26385B}
		{2E85C579-DA79-4EC1-8A31-AA523161B295} = {93C2DB5F-E355-B570-AA3E-A91EFCDA8A42}
		{CE8007F9-1002-4E16-BF17-5AF2CEAF2B7D} = {93C2DB5F-E355-B570-AA3E-A91EFCDA8A42}
		{3555ED0F-AA00-431E-81DB-1FC876DB7006} = {93C2DB5F-E355-B570-AA3E-A91EFCDA8A42}
		{C77416F9-1862-48F2-A79D-2066F57E75CB} = {93C2DB5F-E355-B570-AA3E-A91EFCDA8A42}
	EndGlobalSection
EndGlobal
